// !$*UTF8*$!
{
	archiveVersion = 1;
	classes = {
	};
	objectVersion = 50;
	objects = {

/* Begin PBXBuildFile section */
		48F92C392614F55A00050118 /* AppDelegate.swift in Sources */ = {isa = PBXBuildFile; fileRef = 48F92C382614F55A00050118 /* AppDelegate.swift */; };
		48F92C3B2614F55A00050118 /* SceneDelegate.swift in Sources */ = {isa = PBXBuildFile; fileRef = 48F92C3A2614F55A00050118 /* SceneDelegate.swift */; };
		48F92C3D2614F55A00050118 /* ListItemView.swift in Sources */ = {isa = PBXBuildFile; fileRef = 48F92C3C2614F55A00050118 /* ListItemView.swift */; };
		48F92C3F2614F55C00050118 /* Assets.xcassets in Resources */ = {isa = PBXBuildFile; fileRef = 48F92C3E2614F55C00050118 /* Assets.xcassets */; };
		48F92C422614F55C00050118 /* Preview Assets.xcassets in Resources */ = {isa = PBXBuildFile; fileRef = 48F92C412614F55C00050118 /* Preview Assets.xcassets */; };
		48F92C452614F55C00050118 /* LaunchScreen.storyboard in Resources */ = {isa = PBXBuildFile; fileRef = 48F92C432614F55C00050118 /* LaunchScreen.storyboard */; };
		48F92C502614F55C00050118 /* Costa_CoffeeTests.swift in Sources */ = {isa = PBXBuildFile; fileRef = 48F92C4F2614F55C00050118 /* Costa_CoffeeTests.swift */; };
		48F92C5B2614F55D00050118 /* Costa_CoffeeUITests.swift in Sources */ = {isa = PBXBuildFile; fileRef = 48F92C5A2614F55D00050118 /* Costa_CoffeeUITests.swift */; };
		48F92C702614F60C00050118 /* ImageResult.swift in Sources */ = {isa = PBXBuildFile; fileRef = 48F92C6F2614F60C00050118 /* ImageResult.swift */; };
		48F92C782614F63800050118 /* Location.swift in Sources */ = {isa = PBXBuildFile; fileRef = 48F92C772614F63800050118 /* Location.swift */; };
		48F92C7D2614F65200050118 /* Response.swift in Sources */ = {isa = PBXBuildFile; fileRef = 48F92C7C2614F65200050118 /* Response.swift */; };
		48F92C822614F66A00050118 /* Results.swift in Sources */ = {isa = PBXBuildFile; fileRef = 48F92C812614F66A00050118 /* Results.swift */; };
		48F92C872614F68500050118 /* Venue.swift in Sources */ = {isa = PBXBuildFile; fileRef = 48F92C862614F68500050118 /* Venue.swift */; };
		48F92C8C2614F6E700050118 /* APIService.swift in Sources */ = {isa = PBXBuildFile; fileRef = 48F92C8B2614F6E700050118 /* APIService.swift */; };
		48F92C942614F70C00050118 /* Constants.swift in Sources */ = {isa = PBXBuildFile; fileRef = 48F92C932614F70C00050118 /* Constants.swift */; };
		48F92C992614F76E00050118 /* ListViewModel.swift in Sources */ = {isa = PBXBuildFile; fileRef = 48F92C982614F76E00050118 /* ListViewModel.swift */; };
		48F92C9E2614F7C200050118 /* ListView.swift in Sources */ = {isa = PBXBuildFile; fileRef = 48F92C9D2614F7C200050118 /* ListView.swift */; };
/* End PBXBuildFile section */

/* Begin PBXContainerItemProxy section */
		48F92C4C2614F55C00050118 /* PBXContainerItemProxy */ = {
			isa = PBXContainerItemProxy;
			containerPortal = 48F92C2D2614F55A00050118 /* Project object */;
			proxyType = 1;
			remoteGlobalIDString = 48F92C342614F55A00050118;
			remoteInfo = "Costa Coffee";
		};
		48F92C572614F55D00050118 /* PBXContainerItemProxy */ = {
			isa = PBXContainerItemProxy;
			containerPortal = 48F92C2D2614F55A00050118 /* Project object */;
			proxyType = 1;
			remoteGlobalIDString = 48F92C342614F55A00050118;
			remoteInfo = "Costa Coffee";
		};
/* End PBXContainerItemProxy section */

/* Begin PBXFileReference section */
		48F92C352614F55A00050118 /* Costa Coffee.app */ = {isa = PBXFileReference; explicitFileType = wrapper.application; includeInIndex = 0; path = "Costa Coffee.app"; sourceTree = BUILT_PRODUCTS_DIR; };
		48F92C382614F55A00050118 /* AppDelegate.swift */ = {isa = PBXFileReference; lastKnownFileType = sourcecode.swift; path = AppDelegate.swift; sourceTree = "<group>"; };
		48F92C3A2614F55A00050118 /* SceneDelegate.swift */ = {isa = PBXFileReference; lastKnownFileType = sourcecode.swift; path = SceneDelegate.swift; sourceTree = "<group>"; };
		48F92C3C2614F55A00050118 /* ListItemView.swift */ = {isa = PBXFileReference; lastKnownFileType = sourcecode.swift; path = ListItemView.swift; sourceTree = "<group>"; };
		48F92C3E2614F55C00050118 /* Assets.xcassets */ = {isa = PBXFileReference; lastKnownFileType = folder.assetcatalog; path = Assets.xcassets; sourceTree = "<group>"; };
		48F92C412614F55C00050118 /* Preview Assets.xcassets */ = {isa = PBXFileReference; lastKnownFileType = folder.assetcatalog; path = "Preview Assets.xcassets"; sourceTree = "<group>"; };
		48F92C442614F55C00050118 /* Base */ = {isa = PBXFileReference; lastKnownFileType = file.storyboard; name = Base; path = Base.lproj/LaunchScreen.storyboard; sourceTree = "<group>"; };
		48F92C462614F55C00050118 /* Info.plist */ = {isa = PBXFileReference; lastKnownFileType = text.plist.xml; path = Info.plist; sourceTree = "<group>"; };
		48F92C4B2614F55C00050118 /* Costa CoffeeTests.xctest */ = {isa = PBXFileReference; explicitFileType = wrapper.cfbundle; includeInIndex = 0; path = "Costa CoffeeTests.xctest"; sourceTree = BUILT_PRODUCTS_DIR; };
		48F92C4F2614F55C00050118 /* Costa_CoffeeTests.swift */ = {isa = PBXFileReference; lastKnownFileType = sourcecode.swift; path = Costa_CoffeeTests.swift; sourceTree = "<group>"; };
		48F92C512614F55C00050118 /* Info.plist */ = {isa = PBXFileReference; lastKnownFileType = text.plist.xml; path = Info.plist; sourceTree = "<group>"; };
		48F92C562614F55D00050118 /* Costa CoffeeUITests.xctest */ = {isa = PBXFileReference; explicitFileType = wrapper.cfbundle; includeInIndex = 0; path = "Costa CoffeeUITests.xctest"; sourceTree = BUILT_PRODUCTS_DIR; };
		48F92C5A2614F55D00050118 /* Costa_CoffeeUITests.swift */ = {isa = PBXFileReference; lastKnownFileType = sourcecode.swift; path = Costa_CoffeeUITests.swift; sourceTree = "<group>"; };
		48F92C5C2614F55D00050118 /* Info.plist */ = {isa = PBXFileReference; lastKnownFileType = text.plist.xml; path = Info.plist; sourceTree = "<group>"; };
		48F92C6F2614F60C00050118 /* ImageResult.swift */ = {isa = PBXFileReference; lastKnownFileType = sourcecode.swift; path = ImageResult.swift; sourceTree = "<group>"; };
		48F92C772614F63800050118 /* Location.swift */ = {isa = PBXFileReference; lastKnownFileType = sourcecode.swift; path = Location.swift; sourceTree = "<group>"; };
		48F92C7C2614F65200050118 /* Response.swift */ = {isa = PBXFileReference; lastKnownFileType = sourcecode.swift; path = Response.swift; sourceTree = "<group>"; };
		48F92C812614F66A00050118 /* Results.swift */ = {isa = PBXFileReference; lastKnownFileType = sourcecode.swift; path = Results.swift; sourceTree = "<group>"; };
		48F92C862614F68500050118 /* Venue.swift */ = {isa = PBXFileReference; lastKnownFileType = sourcecode.swift; path = Venue.swift; sourceTree = "<group>"; };
		48F92C8B2614F6E700050118 /* APIService.swift */ = {isa = PBXFileReference; lastKnownFileType = sourcecode.swift; path = APIService.swift; sourceTree = "<group>"; };
		48F92C932614F70C00050118 /* Constants.swift */ = {isa = PBXFileReference; lastKnownFileType = sourcecode.swift; path = Constants.swift; sourceTree = "<group>"; };
		48F92C982614F76E00050118 /* ListViewModel.swift */ = {isa = PBXFileReference; lastKnownFileType = sourcecode.swift; path = ListViewModel.swift; sourceTree = "<group>"; };
		48F92C9D2614F7C200050118 /* ListView.swift */ = {isa = PBXFileReference; lastKnownFileType = sourcecode.swift; path = ListView.swift; sourceTree = "<group>"; };
/* End PBXFileReference section */

/* Begin PBXFrameworksBuildPhase section */
		48F92C322614F55A00050118 /* Frameworks */ = {
			isa = PBXFrameworksBuildPhase;
			buildActionMask = 2147483647;
			files = (
			);
			runOnlyForDeploymentPostprocessing = 0;
		};
		48F92C482614F55C00050118 /* Frameworks */ = {
			isa = PBXFrameworksBuildPhase;
			buildActionMask = 2147483647;
			files = (
			);
			runOnlyForDeploymentPostprocessing = 0;
		};
		48F92C532614F55D00050118 /* Frameworks */ = {
			isa = PBXFrameworksBuildPhase;
			buildActionMask = 2147483647;
			files = (
			);
			runOnlyForDeploymentPostprocessing = 0;
		};
/* End PBXFrameworksBuildPhase section */

/* Begin PBXGroup section */
		48F92C2C2614F55A00050118 = {
			isa = PBXGroup;
			children = (
				48F92C372614F55A00050118 /* Costa Coffee */,
				48F92C4E2614F55C00050118 /* Costa CoffeeTests */,
				48F92C592614F55D00050118 /* Costa CoffeeUITests */,
				48F92C362614F55A00050118 /* Products */,
			);
			sourceTree = "<group>";
		};
		48F92C362614F55A00050118 /* Products */ = {
			isa = PBXGroup;
			children = (
				48F92C352614F55A00050118 /* Costa Coffee.app */,
				48F92C4B2614F55C00050118 /* Costa CoffeeTests.xctest */,
				48F92C562614F55D00050118 /* Costa CoffeeUITests.xctest */,
			);
			name = Products;
			sourceTree = "<group>";
		};
		48F92C372614F55A00050118 /* Costa Coffee */ = {
			isa = PBXGroup;
			children = (
				48F92C6E2614F5E700050118 /* Service */,
				48F92C6D2614F5DC00050118 /* Model */,
				48F92C6C2614F5D100050118 /* ViewModel */,
				48F92C6B2614F5C500050118 /* View */,
				48F92C382614F55A00050118 /* AppDelegate.swift */,
				48F92C3A2614F55A00050118 /* SceneDelegate.swift */,
				48F92C3E2614F55C00050118 /* Assets.xcassets */,
				48F92C432614F55C00050118 /* LaunchScreen.storyboard */,
				48F92C462614F55C00050118 /* Info.plist */,
				48F92C402614F55C00050118 /* Preview Content */,
			);
			path = "Costa Coffee";
			sourceTree = "<group>";
		};
		48F92C402614F55C00050118 /* Preview Content */ = {
			isa = PBXGroup;
			children = (
				48F92C412614F55C00050118 /* Preview Assets.xcassets */,
			);
			path = "Preview Content";
			sourceTree = "<group>";
		};
		48F92C4E2614F55C00050118 /* Costa CoffeeTests */ = {
			isa = PBXGroup;
			children = (
				48F92C4F2614F55C00050118 /* Costa_CoffeeTests.swift */,
				48F92C512614F55C00050118 /* Info.plist */,
			);
			path = "Costa CoffeeTests";
			sourceTree = "<group>";
		};
		48F92C592614F55D00050118 /* Costa CoffeeUITests */ = {
			isa = PBXGroup;
			children = (
				48F92C5A2614F55D00050118 /* Costa_CoffeeUITests.swift */,
				48F92C5C2614F55D00050118 /* Info.plist */,
			);
			path = "Costa CoffeeUITests";
			sourceTree = "<group>";
		};
		48F92C6B2614F5C500050118 /* View */ = {
			isa = PBXGroup;
			children = (
				48F92C9D2614F7C200050118 /* ListView.swift */,
				48F92C3C2614F55A00050118 /* ListItemView.swift */,
			);
			path = View;
			sourceTree = "<group>";
		};
		48F92C6C2614F5D100050118 /* ViewModel */ = {
			isa = PBXGroup;
			children = (
				48F92C982614F76E00050118 /* ListViewModel.swift */,
			);
			path = ViewModel;
			sourceTree = "<group>";
		};
		48F92C6D2614F5DC00050118 /* Model */ = {
			isa = PBXGroup;
			children = (
				48F92C6F2614F60C00050118 /* ImageResult.swift */,
				48F92C772614F63800050118 /* Location.swift */,
				48F92C7C2614F65200050118 /* Response.swift */,
				48F92C812614F66A00050118 /* Results.swift */,
				48F92C862614F68500050118 /* Venue.swift */,
			);
			path = Model;
			sourceTree = "<group>";
		};
		48F92C6E2614F5E700050118 /* Service */ = {
			isa = PBXGroup;
			children = (
				48F92C8B2614F6E700050118 /* APIService.swift */,
				48F92C932614F70C00050118 /* Constants.swift */,
			);
			path = Service;
			sourceTree = "<group>";
		};
/* End PBXGroup section */

/* Begin PBXNativeTarget section */
		48F92C342614F55A00050118 /* Costa Coffee */ = {
			isa = PBXNativeTarget;
			buildConfigurationList = 48F92C5F2614F55D00050118 /* Build configuration list for PBXNativeTarget "Costa Coffee" */;
			buildPhases = (
				48F92C312614F55A00050118 /* Sources */,
				48F92C322614F55A00050118 /* Frameworks */,
				48F92C332614F55A00050118 /* Resources */,
			);
			buildRules = (
			);
			dependencies = (
			);
			name = "Costa Coffee";
			productName = "Costa Coffee";
			productReference = 48F92C352614F55A00050118 /* Costa Coffee.app */;
			productType = "com.apple.product-type.application";
		};
		48F92C4A2614F55C00050118 /* Costa CoffeeTests */ = {
			isa = PBXNativeTarget;
			buildConfigurationList = 48F92C622614F55D00050118 /* Build configuration list for PBXNativeTarget "Costa CoffeeTests" */;
			buildPhases = (
				48F92C472614F55C00050118 /* Sources */,
				48F92C482614F55C00050118 /* Frameworks */,
				48F92C492614F55C00050118 /* Resources */,
			);
			buildRules = (
			);
			dependencies = (
				48F92C4D2614F55C00050118 /* PBXTargetDependency */,
			);
			name = "Costa CoffeeTests";
			productName = "Costa CoffeeTests";
			productReference = 48F92C4B2614F55C00050118 /* Costa CoffeeTests.xctest */;
			productType = "com.apple.product-type.bundle.unit-test";
		};
		48F92C552614F55D00050118 /* Costa CoffeeUITests */ = {
			isa = PBXNativeTarget;
			buildConfigurationList = 48F92C652614F55D00050118 /* Build configuration list for PBXNativeTarget "Costa CoffeeUITests" */;
			buildPhases = (
				48F92C522614F55D00050118 /* Sources */,
				48F92C532614F55D00050118 /* Frameworks */,
				48F92C542614F55D00050118 /* Resources */,
			);
			buildRules = (
			);
			dependencies = (
				48F92C582614F55D00050118 /* PBXTargetDependency */,
			);
			name = "Costa CoffeeUITests";
			productName = "Costa CoffeeUITests";
			productReference = 48F92C562614F55D00050118 /* Costa CoffeeUITests.xctest */;
			productType = "com.apple.product-type.bundle.ui-testing";
		};
/* End PBXNativeTarget section */

/* Begin PBXProject section */
		48F92C2D2614F55A00050118 /* Project object */ = {
			isa = PBXProject;
			attributes = {
				LastSwiftUpdateCheck = 1240;
				LastUpgradeCheck = 1240;
				TargetAttributes = {
					48F92C342614F55A00050118 = {
						CreatedOnToolsVersion = 12.4;
					};
					48F92C4A2614F55C00050118 = {
						CreatedOnToolsVersion = 12.4;
						TestTargetID = 48F92C342614F55A00050118;
					};
					48F92C552614F55D00050118 = {
						CreatedOnToolsVersion = 12.4;
						TestTargetID = 48F92C342614F55A00050118;
					};
				};
			};
			buildConfigurationList = 48F92C302614F55A00050118 /* Build configuration list for PBXProject "Costa Coffee" */;
			compatibilityVersion = "Xcode 9.3";
			developmentRegion = en;
			hasScannedForEncodings = 0;
			knownRegions = (
				en,
				Base,
			);
			mainGroup = 48F92C2C2614F55A00050118;
			productRefGroup = 48F92C362614F55A00050118 /* Products */;
			projectDirPath = "";
			projectRoot = "";
			targets = (
				48F92C342614F55A00050118 /* Costa Coffee */,
				48F92C4A2614F55C00050118 /* Costa CoffeeTests */,
				48F92C552614F55D00050118 /* Costa CoffeeUITests */,
			);
		};
/* End PBXProject section */

/* Begin PBXResourcesBuildPhase section */
		48F92C332614F55A00050118 /* Resources */ = {
			isa = PBXResourcesBuildPhase;
			buildActionMask = 2147483647;
			files = (
				48F92C452614F55C00050118 /* LaunchScreen.storyboard in Resources */,
				48F92C422614F55C00050118 /* Preview Assets.xcassets in Resources */,
				48F92C3F2614F55C00050118 /* Assets.xcassets in Resources */,
			);
			runOnlyForDeploymentPostprocessing = 0;
		};
		48F92C492614F55C00050118 /* Resources */ = {
			isa = PBXResourcesBuildPhase;
			buildActionMask = 2147483647;
			files = (
			);
			runOnlyForDeploymentPostprocessing = 0;
		};
		48F92C542614F55D00050118 /* Resources */ = {
			isa = PBXResourcesBuildPhase;
			buildActionMask = 2147483647;
			files = (
			);
			runOnlyForDeploymentPostprocessing = 0;
		};
/* End PBXResourcesBuildPhase section */

/* Begin PBXSourcesBuildPhase section */
		48F92C312614F55A00050118 /* Sources */ = {
			isa = PBXSourcesBuildPhase;
			buildActionMask = 2147483647;
			files = (
				48F92C392614F55A00050118 /* AppDelegate.swift in Sources */,
				48F92C872614F68500050118 /* Venue.swift in Sources */,
				48F92C3B2614F55A00050118 /* SceneDelegate.swift in Sources */,
				48F92C782614F63800050118 /* Location.swift in Sources */,
				48F92C822614F66A00050118 /* Results.swift in Sources */,
				48F92C942614F70C00050118 /* Constants.swift in Sources */,
				48F92C702614F60C00050118 /* ImageResult.swift in Sources */,
				48F92C7D2614F65200050118 /* Response.swift in Sources */,
				48F92C9E2614F7C200050118 /* ListView.swift in Sources */,
				48F92C8C2614F6E700050118 /* APIService.swift in Sources */,
				48F92C3D2614F55A00050118 /* ListItemView.swift in Sources */,
				48F92C992614F76E00050118 /* ListViewModel.swift in Sources */,
			);
			runOnlyForDeploymentPostprocessing = 0;
		};
		48F92C472614F55C00050118 /* Sources */ = {
			isa = PBXSourcesBuildPhase;
			buildActionMask = 2147483647;
			files = (
				48F92C502614F55C00050118 /* Costa_CoffeeTests.swift in Sources */,
			);
			runOnlyForDeploymentPostprocessing = 0;
		};
		48F92C522614F55D00050118 /* Sources */ = {
			isa = PBXSourcesBuildPhase;
			buildActionMask = 2147483647;
			files = (
				48F92C5B2614F55D00050118 /* Costa_CoffeeUITests.swift in Sources */,
			);
			runOnlyForDeploymentPostprocessing = 0;
		};
/* End PBXSourcesBuildPhase section */

/* Begin PBXTargetDependency section */
		48F92C4D2614F55C00050118 /* PBXTargetDependency */ = {
			isa = PBXTargetDependency;
			target = 48F92C342614F55A00050118 /* Costa Coffee */;
			targetProxy = 48F92C4C2614F55C00050118 /* PBXContainerItemProxy */;
		};
		48F92C582614F55D00050118 /* PBXTargetDependency */ = {
			isa = PBXTargetDependency;
			target = 48F92C342614F55A00050118 /* Costa Coffee */;
			targetProxy = 48F92C572614F55D00050118 /* PBXContainerItemProxy */;
		};
/* End PBXTargetDependency section */

/* Begin PBXVariantGroup section */
		48F92C432614F55C00050118 /* LaunchScreen.storyboard */ = {
			isa = PBXVariantGroup;
			children = (
				48F92C442614F55C00050118 /* Base */,
			);
			name = LaunchScreen.storyboard;
			sourceTree = "<group>";
		};
/* End PBXVariantGroup section */

/* Begin XCBuildConfiguration section */
		48F92C5D2614F55D00050118 /* Debug */ = {
			isa = XCBuildConfiguration;
			buildSettings = {
				ALWAYS_SEARCH_USER_PATHS = NO;
				CLANG_ANALYZER_NONNULL = YES;
				CLANG_ANALYZER_NUMBER_OBJECT_CONVERSION = YES_AGGRESSIVE;
				CLANG_CXX_LANGUAGE_STANDARD = "gnu++14";
				CLANG_CXX_LIBRARY = "libc++";
				CLANG_ENABLE_MODULES = YES;
				CLANG_ENABLE_OBJC_ARC = YES;
				CLANG_ENABLE_OBJC_WEAK = YES;
				CLANG_WARN_BLOCK_CAPTURE_AUTORELEASING = YES;
				CLANG_WARN_BOOL_CONVERSION = YES;
				CLANG_WARN_COMMA = YES;
				CLANG_WARN_CONSTANT_CONVERSION = YES;
				CLANG_WARN_DEPRECATED_OBJC_IMPLEMENTATIONS = YES;
				CLANG_WARN_DIRECT_OBJC_ISA_USAGE = YES_ERROR;
				CLANG_WARN_DOCUMENTATION_COMMENTS = YES;
				CLANG_WARN_EMPTY_BODY = YES;
				CLANG_WARN_ENUM_CONVERSION = YES;
				CLANG_WARN_INFINITE_RECURSION = YES;
				CLANG_WARN_INT_CONVERSION = YES;
				CLANG_WARN_NON_LITERAL_NULL_CONVERSION = YES;
				CLANG_WARN_OBJC_IMPLICIT_RETAIN_SELF = YES;
				CLANG_WARN_OBJC_LITERAL_CONVERSION = YES;
				CLANG_WARN_OBJC_ROOT_CLASS = YES_ERROR;
				CLANG_WARN_QUOTED_INCLUDE_IN_FRAMEWORK_HEADER = YES;
				CLANG_WARN_RANGE_LOOP_ANALYSIS = YES;
				CLANG_WARN_STRICT_PROTOTYPES = YES;
				CLANG_WARN_SUSPICIOUS_MOVE = YES;
				CLANG_WARN_UNGUARDED_AVAILABILITY = YES_AGGRESSIVE;
				CLANG_WARN_UNREACHABLE_CODE = YES;
				CLANG_WARN__DUPLICATE_METHOD_MATCH = YES;
				COPY_PHASE_STRIP = NO;
				DEBUG_INFORMATION_FORMAT = dwarf;
				ENABLE_STRICT_OBJC_MSGSEND = YES;
				ENABLE_TESTABILITY = YES;
				GCC_C_LANGUAGE_STANDARD = gnu11;
				GCC_DYNAMIC_NO_PIC = NO;
				GCC_NO_COMMON_BLOCKS = YES;
				GCC_OPTIMIZATION_LEVEL = 0;
				GCC_PREPROCESSOR_DEFINITIONS = (
					"DEBUG=1",
					"$(inherited)",
				);
				GCC_WARN_64_TO_32_BIT_CONVERSION = YES;
				GCC_WARN_ABOUT_RETURN_TYPE = YES_ERROR;
				GCC_WARN_UNDECLARED_SELECTOR = YES;
				GCC_WARN_UNINITIALIZED_AUTOS = YES_AGGRESSIVE;
				GCC_WARN_UNUSED_FUNCTION = YES;
				GCC_WARN_UNUSED_VARIABLE = YES;
				IPHONEOS_DEPLOYMENT_TARGET = 14.4;
				MTL_ENABLE_DEBUG_INFO = INCLUDE_SOURCE;
				MTL_FAST_MATH = YES;
				ONLY_ACTIVE_ARCH = YES;
				SDKROOT = iphoneos;
				SWIFT_ACTIVE_COMPILATION_CONDITIONS = DEBUG;
				SWIFT_OPTIMIZATION_LEVEL = "-Onone";
			};
			name = Debug;
		};
		48F92C5E2614F55D00050118 /* Release */ = {
			isa = XCBuildConfiguration;
			buildSettings = {
				ALWAYS_SEARCH_USER_PATHS = NO;
				CLANG_ANALYZER_NONNULL = YES;
				CLANG_ANALYZER_NUMBER_OBJECT_CONVERSION = YES_AGGRESSIVE;
				CLANG_CXX_LANGUAGE_STANDARD = "gnu++14";
				CLANG_CXX_LIBRARY = "libc++";
				CLANG_ENABLE_MODULES = YES;
				CLANG_ENABLE_OBJC_ARC = YES;
				CLANG_ENABLE_OBJC_WEAK = YES;
				CLANG_WARN_BLOCK_CAPTURE_AUTORELEASING = YES;
				CLANG_WARN_BOOL_CONVERSION = YES;
				CLANG_WARN_COMMA = YES;
				CLANG_WARN_CONSTANT_CONVERSION = YES;
				CLANG_WARN_DEPRECATED_OBJC_IMPLEMENTATIONS = YES;
				CLANG_WARN_DIRECT_OBJC_ISA_USAGE = YES_ERROR;
				CLANG_WARN_DOCUMENTATION_COMMENTS = YES;
				CLANG_WARN_EMPTY_BODY = YES;
				CLANG_WARN_ENUM_CONVERSION = YES;
				CLANG_WARN_INFINITE_RECURSION = YES;
				CLANG_WARN_INT_CONVERSION = YES;
				CLANG_WARN_NON_LITERAL_NULL_CONVERSION = YES;
				CLANG_WARN_OBJC_IMPLICIT_RETAIN_SELF = YES;
				CLANG_WARN_OBJC_LITERAL_CONVERSION = YES;
				CLANG_WARN_OBJC_ROOT_CLASS = YES_ERROR;
				CLANG_WARN_QUOTED_INCLUDE_IN_FRAMEWORK_HEADER = YES;
				CLANG_WARN_RANGE_LOOP_ANALYSIS = YES;
				CLANG_WARN_STRICT_PROTOTYPES = YES;
				CLANG_WARN_SUSPICIOUS_MOVE = YES;
				CLANG_WARN_UNGUARDED_AVAILABILITY = YES_AGGRESSIVE;
				CLANG_WARN_UNREACHABLE_CODE = YES;
				CLANG_WARN__DUPLICATE_METHOD_MATCH = YES;
				COPY_PHASE_STRIP = NO;
				DEBUG_INFORMATION_FORMAT = "dwarf-with-dsym";
				ENABLE_NS_ASSERTIONS = NO;
				ENABLE_STRICT_OBJC_MSGSEND = YES;
				GCC_C_LANGUAGE_STANDARD = gnu11;
				GCC_NO_COMMON_BLOCKS = YES;
				GCC_WARN_64_TO_32_BIT_CONVERSION = YES;
				GCC_WARN_ABOUT_RETURN_TYPE = YES_ERROR;
				GCC_WARN_UNDECLARED_SELECTOR = YES;
				GCC_WARN_UNINITIALIZED_AUTOS = YES_AGGRESSIVE;
				GCC_WARN_UNUSED_FUNCTION = YES;
				GCC_WARN_UNUSED_VARIABLE = YES;
				IPHONEOS_DEPLOYMENT_TARGET = 14.4;
				MTL_ENABLE_DEBUG_INFO = NO;
				MTL_FAST_MATH = YES;
				SDKROOT = iphoneos;
				SWIFT_COMPILATION_MODE = wholemodule;
				SWIFT_OPTIMIZATION_LEVEL = "-O";
				VALIDATE_PRODUCT = YES;
			};
			name = Release;
		};
		48F92C602614F55D00050118 /* Debug */ = {
			isa = XCBuildConfiguration;
			buildSettings = {
				ASSETCATALOG_COMPILER_APPICON_NAME = AppIcon;
				ASSETCATALOG_COMPILER_GLOBAL_ACCENT_COLOR_NAME = AccentColor;
				CODE_SIGN_STYLE = Automatic;
				DEVELOPMENT_ASSET_PATHS = "\"Costa Coffee/Preview Content\"";
				ENABLE_PREVIEWS = YES;
				INFOPLIST_FILE = "Costa Coffee/Info.plist";
				LD_RUNPATH_SEARCH_PATHS = (
					"$(inherited)",
					"@executable_path/Frameworks",
				);
				PRODUCT_BUNDLE_IDENTIFIER = "com.emil.Costa-Coffee";
				PRODUCT_NAME = "$(TARGET_NAME)";
				SWIFT_VERSION = 5.0;
				TARGETED_DEVICE_FAMILY = "1,2";
			};
			name = Debug;
		};
		48F92C612614F55D00050118 /* Release */ = {
			isa = XCBuildConfiguration;
			buildSettings = {
				ASSETCATALOG_COMPILER_APPICON_NAME = AppIcon;
				ASSETCATALOG_COMPILER_GLOBAL_ACCENT_COLOR_NAME = AccentColor;
				CODE_SIGN_STYLE = Automatic;
				DEVELOPMENT_ASSET_PATHS = "\"Costa Coffee/Preview Content\"";
				ENABLE_PREVIEWS = YES;
				INFOPLIST_FILE = "Costa Coffee/Info.plist";
				LD_RUNPATH_SEARCH_PATHS = (
					"$(inherited)",
					"@executable_path/Frameworks",
				);
				PRODUCT_BUNDLE_IDENTIFIER = "com.emil.Costa-Coffee";
				PRODUCT_NAME = "$(TARGET_NAME)";
				SWIFT_VERSION = 5.0;
				TARGETED_DEVICE_FAMILY = "1,2";
			};
			name = Release;
		};
		48F92C632614F55D00050118 /* Debug */ = {
			isa = XCBuildConfiguration;
			buildSettings = {
				ALWAYS_EMBED_SWIFT_STANDARD_LIBRARIES = YES;
				BUNDLE_LOADER = "$(TEST_HOST)";
				CODE_SIGN_STYLE = Automatic;
				INFOPLIST_FILE = "Costa CoffeeTests/Info.plist";
				IPHONEOS_DEPLOYMENT_TARGET = 14.4;
				LD_RUNPATH_SEARCH_PATHS = (
					"$(inherited)",
					"@executable_path/Frameworks",
					"@loader_path/Frameworks",
				);
				PRODUCT_BUNDLE_IDENTIFIER = "com.emil.Costa-CoffeeTests";
				PRODUCT_NAME = "$(TARGET_NAME)";
				SWIFT_VERSION = 5.0;
				TARGETED_DEVICE_FAMILY = "1,2";
				TEST_HOST = "$(BUILT_PRODUCTS_DIR)/Costa Coffee.app/Costa Coffee";
			};
			name = Debug;
		};
		48F92C642614F55D00050118 /* Release */ = {
			isa = XCBuildConfiguration;
			buildSettings = {
				ALWAYS_EMBED_SWIFT_STANDARD_LIBRARIES = YES;
				BUNDLE_LOADER = "$(TEST_HOST)";
				CODE_SIGN_STYLE = Automatic;
				INFOPLIST_FILE = "Costa CoffeeTests/Info.plist";
				IPHONEOS_DEPLOYMENT_TARGET = 14.4;
				LD_RUNPATH_SEARCH_PATHS = (
					"$(inherited)",
					"@executable_path/Frameworks",
					"@loader_path/Frameworks",
				);
				PRODUCT_BUNDLE_IDENTIFIER = "com.emil.Costa-CoffeeTests";
				PRODUCT_NAME = "$(TARGET_NAME)";
				SWIFT_VERSION = 5.0;
				TARGETED_DEVICE_FAMILY = "1,2";
				TEST_HOST = "$(BUILT_PRODUCTS_DIR)/Costa Coffee.app/Costa Coffee";
			};
			name = Release;
		};
		48F92C662614F55D00050118 /* Debug */ = {
			isa = XCBuildConfiguration;
			buildSettings = {
				ALWAYS_EMBED_SWIFT_STANDARD_LIBRARIES = YES;
				CODE_SIGN_STYLE = Automatic;
				INFOPLIST_FILE = "Costa CoffeeUITests/Info.plist";
				LD_RUNPATH_SEARCH_PATHS = (
					"$(inherited)",
					"@executable_path/Frameworks",
					"@loader_path/Frameworks",
				);
				PRODUCT_BUNDLE_IDENTIFIER = "com.emil.Costa-CoffeeUITests";
				PRODUCT_NAME = "$(TARGET_NAME)";
				SWIFT_VERSION = 5.0;
				TARGETED_DEVICE_FAMILY = "1,2";
				TEST_TARGET_NAME = "Costa Coffee";
			};
			name = Debug;
		};
		48F92C672614F55D00050118 /* Release */ = {
			isa = XCBuildConfiguration;
			buildSettings = {
				ALWAYS_EMBED_SWIFT_STANDARD_LIBRARIES = YES;
				CODE_SIGN_STYLE = Automatic;
				INFOPLIST_FILE = "Costa CoffeeUITests/Info.plist";
				LD_RUNPATH_SEARCH_PATHS = (
					"$(inherited)",
					"@executable_path/Frameworks",
					"@loader_path/Frameworks",
				);
				PRODUCT_BUNDLE_IDENTIFIER = "com.emil.Costa-CoffeeUITests";
				PRODUCT_NAME = "$(TARGET_NAME)";
				SWIFT_VERSION = 5.0;
				TARGETED_DEVICE_FAMILY = "1,2";
				TEST_TARGET_NAME = "Costa Coffee";
			};
			name = Release;
		};
/* End XCBuildConfiguration section */

/* Begin XCConfigurationList section */
		48F92C302614F55A00050118 /* Build configuration list for PBXProject "Costa Coffee" */ = {
			isa = XCConfigurationList;
			buildConfigurations = (
				48F92C5D2614F55D00050118 /* Debug */,
				48F92C5E2614F55D00050118 /* Release */,
			);
			defaultConfigurationIsVisible = 0;
			defaultConfigurationName = Release;
		};
		48F92C5F2614F55D00050118 /* Build configuration list for PBXNativeTarget "Costa Coffee" */ = {
			isa = XCConfigurationList;
			buildConfigurations = (
				48F92C602614F55D00050118 /* Debug */,
				48F92C612614F55D00050118 /* Release */,
			);
			defaultConfigurationIsVisible = 0;
			defaultConfigurationName = Release;
		};
		48F92C622614F55D00050118 /* Build configuration list for PBXNativeTarget "Costa CoffeeTests" */ = {
			isa = XCConfigurationList;
			buildConfigurations = (
				48F92C632614F55D00050118 /* Debug */,
				48F92C642614F55D00050118 /* Release */,
			);
			defaultConfigurationIsVisible = 0;
			defaultConfigurationName = Release;
		};
		48F92C652614F55D00050118 /* Build configuration list for PBXNativeTarget "Costa CoffeeUITests" */ = {
			isa = XCConfigurationList;
			buildConfigurations = (
				48F92C662614F55D00050118 /* Debug */,
				48F92C672614F55D00050118 /* Release */,
			);
			defaultConfigurationIsVisible = 0;
			defaultConfigurationName = Release;
		};
/* End XCConfigurationList section */
	};
	rootObject = 48F92C2D2614F55A00050118 /* Project object */;
}
